// !$*UTF8*$!
{
	archiveVersion = 1;
	classes = {
	};
	objectVersion = 48;
	objects = {

/* Begin PBXBuildFile section */
		186F66561FC5237200A81B63 /* AppDelegate.swift in Sources */ = {isa = PBXBuildFile; fileRef = 186F66551FC5237200A81B63 /* AppDelegate.swift */; };
		186F66581FC5237300A81B63 /* ViewController.swift in Sources */ = {isa = PBXBuildFile; fileRef = 186F66571FC5237300A81B63 /* ViewController.swift */; };
		186F665B1FC5237300A81B63 /* Main.storyboard in Resources */ = {isa = PBXBuildFile; fileRef = 186F66591FC5237300A81B63 /* Main.storyboard */; };
		186F665E1FC5237300A81B63 /* iDevices.xcdatamodeld in Sources */ = {isa = PBXBuildFile; fileRef = 186F665C1FC5237300A81B63 /* iDevices.xcdatamodeld */; };
		186F66601FC5237300A81B63 /* Assets.xcassets in Resources */ = {isa = PBXBuildFile; fileRef = 186F665F1FC5237300A81B63 /* Assets.xcassets */; };
		186F66631FC5237300A81B63 /* LaunchScreen.storyboard in Resources */ = {isa = PBXBuildFile; fileRef = 186F66611FC5237300A81B63 /* LaunchScreen.storyboard */; };
		18E3A1E71FC7375600368FE2 /* og.png in Resources */ = {isa = PBXBuildFile; fileRef = 18E3A1E61FC7375100368FE2 /* og.png */; };
		18E3A1E91FC73DB800368FE2 /* DeviceViewController.swift in Sources */ = {isa = PBXBuildFile; fileRef = 18E3A1E81FC73DB800368FE2 /* DeviceViewController.swift */; };
/* End PBXBuildFile section */

/* Begin PBXFileReference section */
		186F66521FC5237200A81B63 /* iDevices.app */ = {isa = PBXFileReference; explicitFileType = wrapper.application; includeInIndex = 0; path = iDevices.app; sourceTree = BUILT_PRODUCTS_DIR; };
		186F66551FC5237200A81B63 /* AppDelegate.swift */ = {isa = PBXFileReference; lastKnownFileType = sourcecode.swift; path = AppDelegate.swift; sourceTree = "<group>"; };
		186F66571FC5237300A81B63 /* ViewController.swift */ = {isa = PBXFileReference; lastKnownFileType = sourcecode.swift; path = ViewController.swift; sourceTree = "<group>"; };
		186F665A1FC5237300A81B63 /* Base */ = {isa = PBXFileReference; lastKnownFileType = file.storyboard; name = Base; path = Base.lproj/Main.storyboard; sourceTree = "<group>"; };
		186F665D1FC5237300A81B63 /* iDevices.xcdatamodel */ = {isa = PBXFileReference; lastKnownFileType = wrapper.xcdatamodel; path = iDevices.xcdatamodel; sourceTree = "<group>"; };
		186F665F1FC5237300A81B63 /* Assets.xcassets */ = {isa = PBXFileReference; lastKnownFileType = folder.assetcatalog; path = Assets.xcassets; sourceTree = "<group>"; };
		186F66621FC5237300A81B63 /* Base */ = {isa = PBXFileReference; lastKnownFileType = file.storyboard; name = Base; path = Base.lproj/LaunchScreen.storyboard; sourceTree = "<group>"; };
		186F66641FC5237300A81B63 /* Info.plist */ = {isa = PBXFileReference; lastKnownFileType = text.plist.xml; path = Info.plist; sourceTree = "<group>"; };
		18E3A1E61FC7375100368FE2 /* og.png */ = {isa = PBXFileReference; lastKnownFileType = image.png; path = og.png; sourceTree = "<group>"; };
		18E3A1E81FC73DB800368FE2 /* DeviceViewController.swift */ = {isa = PBXFileReference; lastKnownFileType = sourcecode.swift; path = DeviceViewController.swift; sourceTree = "<group>"; };
/* End PBXFileReference section */

/* Begin PBXFrameworksBuildPhase section */
		186F664F1FC5237200A81B63 /* Frameworks */ = {
			isa = PBXFrameworksBuildPhase;
			buildActionMask = 2147483647;
			files = (
			);
			runOnlyForDeploymentPostprocessing = 0;
		};
/* End PBXFrameworksBuildPhase section */

/* Begin PBXGroup section */
		186F66491FC5237200A81B63 = {
			isa = PBXGroup;
			children = (
				186F66541FC5237200A81B63 /* iDevices */,
				186F66531FC5237200A81B63 /* Products */,
			);
			sourceTree = "<group>";
		};
		186F66531FC5237200A81B63 /* Products */ = {
			isa = PBXGroup;
			children = (
				186F66521FC5237200A81B63 /* iDevices.app */,
			);
			name = Products;
			sourceTree = "<group>";
		};
		186F66541FC5237200A81B63 /* iDevices */ = {
			isa = PBXGroup;
			children = (
				186F66551FC5237200A81B63 /* AppDelegate.swift */,
				186F66571FC5237300A81B63 /* ViewController.swift */,
				18E3A1E81FC73DB800368FE2 /* DeviceViewController.swift */,
				186F66591FC5237300A81B63 /* Main.storyboard */,
				186F665F1FC5237300A81B63 /* Assets.xcassets */,
				18E3A1E51FC7375100368FE2 /* Images */,
				186F66611FC5237300A81B63 /* LaunchScreen.storyboard */,
				186F66641FC5237300A81B63 /* Info.plist */,
				186F665C1FC5237300A81B63 /* iDevices.xcdatamodeld */,
			);
			path = iDevices;
			sourceTree = "<group>";
		};
		18E3A1E51FC7375100368FE2 /* Images */ = {
			isa = PBXGroup;
			children = (
				18E3A1E61FC7375100368FE2 /* og.png */,
			);
			path = Images;
			sourceTree = "<group>";
		};
/* End PBXGroup section */

/* Begin PBXNativeTarget section */
		186F66511FC5237200A81B63 /* iDevices */ = {
			isa = PBXNativeTarget;
			buildConfigurationList = 186F66671FC5237300A81B63 /* Build configuration list for PBXNativeTarget "iDevices" */;
			buildPhases = (
				186F664E1FC5237200A81B63 /* Sources */,
				186F664F1FC5237200A81B63 /* Frameworks */,
				186F66501FC5237200A81B63 /* Resources */,
			);
			buildRules = (
			);
			dependencies = (
			);
			name = iDevices;
			productName = iDevices;
			productReference = 186F66521FC5237200A81B63 /* iDevices.app */;
			productType = "com.apple.product-type.application";
		};
/* End PBXNativeTarget section */

/* Begin PBXProject section */
		186F664A1FC5237200A81B63 /* Project object */ = {
			isa = PBXProject;
			attributes = {
				LastSwiftUpdateCheck = 0910;
				LastUpgradeCheck = 0910;
				ORGANIZATIONNAME = Apple;
				TargetAttributes = {
					186F66511FC5237200A81B63 = {
						CreatedOnToolsVersion = 9.1;
						ProvisioningStyle = Automatic;
					};
				};
			};
			buildConfigurationList = 186F664D1FC5237200A81B63 /* Build configuration list for PBXProject "iDevices" */;
			compatibilityVersion = "Xcode 8.0";
			developmentRegion = en;
			hasScannedForEncodings = 0;
			knownRegions = (
				en,
				Base,
			);
			mainGroup = 186F66491FC5237200A81B63;
			productRefGroup = 186F66531FC5237200A81B63 /* Products */;
			projectDirPath = "";
			projectRoot = "";
			targets = (
				186F66511FC5237200A81B63 /* iDevices */,
			);
		};
/* End PBXProject section */

/* Begin PBXResourcesBuildPhase section */
		186F66501FC5237200A81B63 /* Resources */ = {
			isa = PBXResourcesBuildPhase;
			buildActionMask = 2147483647;
			files = (
				186F66631FC5237300A81B63 /* LaunchScreen.storyboard in Resources */,
				186F66601FC5237300A81B63 /* Assets.xcassets in Resources */,
				186F665B1FC5237300A81B63 /* Main.storyboard in Resources */,
				18E3A1E71FC7375600368FE2 /* og.png in Resources */,
			);
			runOnlyForDeploymentPostprocessing = 0;
		};
/* End PBXResourcesBuildPhase section */

/* Begin PBXSourcesBuildPhase section */
		186F664E1FC5237200A81B63 /* Sources */ = {
			isa = PBXSourcesBuildPhase;
			buildActionMask = 2147483647;
			files = (
				18E3A1E91FC73DB800368FE2 /* DeviceViewController.swift in Sources */,
				186F66581FC5237300A81B63 /* ViewController.swift in Sources */,
				186F66561FC5237200A81B63 /* AppDelegate.swift in Sources */,
				186F665E1FC5237300A81B63 /* iDevices.xcdatamodeld in Sources */,
			);
			runOnlyForDeploymentPostprocessing = 0;
		};
/* End PBXSourcesBuildPhase section */

/* Begin PBXVariantGroup section */
		186F66591FC5237300A81B63 /* Main.storyboard */ = {
			isa = PBXVariantGroup;
			children = (
				186F665A1FC5237300A81B63 /* Base */,
			);
			name = Main.storyboard;
			sourceTree = "<group>";
		};
		186F66611FC5237300A81B63 /* LaunchScreen.storyboard */ = {
			isa = PBXVariantGroup;
			children = (
				186F66621FC5237300A81B63 /* Base */,
			);
			name = LaunchScreen.storyboard;
			sourceTree = "<group>";
		};
/* End PBXVariantGroup section */

/* Begin XCBuildConfiguration section */
		186F66651FC5237300A81B63 /* Debug */ = {
			isa = XCBuildConfiguration;
			buildSettings = {
				ALWAYS_SEARCH_USER_PATHS = NO;
				CLANG_ANALYZER_NONNULL = YES;
				CLANG_ANALYZER_NUMBER_OBJECT_CONVERSION = YES_AGGRESSIVE;
				CLANG_CXX_LANGUAGE_STANDARD = "gnu++14";
				CLANG_CXX_LIBRARY = "libc++";
				CLANG_ENABLE_MODULES = YES;
				CLANG_ENABLE_OBJC_ARC = YES;
				CLANG_WARN_BLOCK_CAPTURE_AUTORELEASING = YES;
				CLANG_WARN_BOOL_CONVERSION = YES;
				CLANG_WARN_COMMA = YES;
				CLANG_WARN_CONSTANT_CONVERSION = YES;
				CLANG_WARN_DIRECT_OBJC_ISA_USAGE = YES_ERROR;
				CLANG_WARN_DOCUMENTATION_COMMENTS = YES;
				CLANG_WARN_EMPTY_BODY = YES;
				CLANG_WARN_ENUM_CONVERSION = YES;
				CLANG_WARN_INFINITE_RECURSION = YES;
				CLANG_WARN_INT_CONVERSION = YES;
				CLANG_WARN_NON_LITERAL_NULL_CONVERSION = YES;
				CLANG_WARN_OBJC_LITERAL_CONVERSION = YES;
				CLANG_WARN_OBJC_ROOT_CLASS = YES_ERROR;
				CLANG_WARN_RANGE_LOOP_ANALYSIS = YES;
				CLANG_WARN_STRICT_PROTOTYPES = YES;
				CLANG_WARN_SUSPICIOUS_MOVE = YES;
				CLANG_WARN_UNGUARDED_AVAILABILITY = YES_AGGRESSIVE;
				CLANG_WARN_UNREACHABLE_CODE = YES;
				CLANG_WARN__DUPLICATE_METHOD_MATCH = YES;
				CODE_SIGN_IDENTITY = "iPhone Developer";
				COPY_PHASE_STRIP = NO;
				DEBUG_INFORMATION_FORMAT = dwarf;
				ENABLE_STRICT_OBJC_MSGSEND = YES;
				ENABLE_TESTABILITY = YES;
				GCC_C_LANGUAGE_STANDARD = gnu11;
				GCC_DYNAMIC_NO_PIC = NO;
				GCC_NO_COMMON_BLOCKS = YES;
				GCC_OPTIMIZATION_LEVEL = 0;
				GCC_PREPROCESSOR_DEFINITIONS = (
					"DEBUG=1",
					"$(inherited)",
				);
				GCC_WARN_64_TO_32_BIT_CONVERSION = YES;
				GCC_WARN_ABOUT_RETURN_TYPE = YES_ERROR;
				GCC_WARN_UNDECLARED_SELECTOR = YES;
				GCC_WARN_UNINITIALIZED_AUTOS = YES_AGGRESSIVE;
				GCC_WARN_UNUSED_FUNCTION = YES;
				GCC_WARN_UNUSED_VARIABLE = YES;
				IPHONEOS_DEPLOYMENT_TARGET = 11.1;
				MTL_ENABLE_DEBUG_INFO = YES;
				ONLY_ACTIVE_ARCH = YES;
				SDKROOT = iphoneos;
				SWIFT_ACTIVE_COMPILATION_CONDITIONS = DEBUG;
				SWIFT_OPTIMIZATION_LEVEL = "-Onone";
			};
			name = Debug;
		};
		186F66661FC5237300A81B63 /* Release */ = {
			isa = XCBuildConfiguration;
			buildSettings = {
				ALWAYS_SEARCH_USER_PATHS = NO;
				CLANG_ANALYZER_NONNULL = YES;
				CLANG_ANALYZER_NUMBER_OBJECT_CONVERSION = YES_AGGRESSIVE;
				CLANG_CXX_LANGUAGE_STANDARD = "gnu++14";
				CLANG_CXX_LIBRARY = "libc++";
				CLANG_ENABLE_MODULES = YES;
				CLANG_ENABLE_OBJC_ARC = YES;
				CLANG_WARN_BLOCK_CAPTURE_AUTORELEASING = YES;
				CLANG_WARN_BOOL_CONVERSION = YES;
				CLANG_WARN_COMMA = YES;
				CLANG_WARN_CONSTANT_CONVERSION = YES;
				CLANG_WARN_DIRECT_OBJC_ISA_USAGE = YES_ERROR;
				CLANG_WARN_DOCUMENTATION_COMMENTS = YES;
				CLANG_WARN_EMPTY_BODY = YES;
				CLANG_WARN_ENUM_CONVERSION = YES;
				CLANG_WARN_INFINITE_RECURSION = YES;
				CLANG_WARN_INT_CONVERSION = YES;
				CLANG_WARN_NON_LITERAL_NULL_CONVERSION = YES;
				CLANG_WARN_OBJC_LITERAL_CONVERSION = YES;
				CLANG_WARN_OBJC_ROOT_CLASS = YES_ERROR;
				CLANG_WARN_RANGE_LOOP_ANALYSIS = YES;
				CLANG_WARN_STRICT_PROTOTYPES = YES;
				CLANG_WARN_SUSPICIOUS_MOVE = YES;
				CLANG_WARN_UNGUARDED_AVAILABILITY = YES_AGGRESSIVE;
				CLANG_WARN_UNREACHABLE_CODE = YES;
				CLANG_WARN__DUPLICATE_METHOD_MATCH = YES;
				CODE_SIGN_IDENTITY = "iPhone Developer";
				COPY_PHASE_STRIP = NO;
				DEBUG_INFORMATION_FORMAT = "dwarf-with-dsym";
				ENABLE_NS_ASSERTIONS = NO;
				ENABLE_STRICT_OBJC_MSGSEND = YES;
				GCC_C_LANGUAGE_STANDARD = gnu11;
				GCC_NO_COMMON_BLOCKS = YES;
				GCC_WARN_64_TO_32_BIT_CONVERSION = YES;
				GCC_WARN_ABOUT_RETURN_TYPE = YES_ERROR;
				GCC_WARN_UNDECLARED_SELECTOR = YES;
				GCC_WARN_UNINITIALIZED_AUTOS = YES_AGGRESSIVE;
				GCC_WARN_UNUSED_FUNCTION = YES;
				GCC_WARN_UNUSED_VARIABLE = YES;
				IPHONEOS_DEPLOYMENT_TARGET = 11.1;
				MTL_ENABLE_DEBUG_INFO = NO;
				SDKROOT = iphoneos;
				SWIFT_OPTIMIZATION_LEVEL = "-Owholemodule";
				VALIDATE_PRODUCT = YES;
			};
			name = Release;
		};
		186F66681FC5237300A81B63 /* Debug */ = {
			isa = XCBuildConfiguration;
			buildSettings = {
				ASSETCATALOG_COMPILER_APPICON_NAME = AppIcon;
				CODE_SIGN_STYLE = Automatic;
				DEVELOPMENT_TEAM = XMRBC7TB73;
				INFOPLIST_FILE = iDevices/Info.plist;
				LD_RUNPATH_SEARCH_PATHS = "$(inherited) @executable_path/Frameworks";
				PRODUCT_BUNDLE_IDENTIFIER = com.iDevices.idevice;
				PRODUCT_NAME = "$(TARGET_NAME)";
				SWIFT_VERSION = 4.0;
				TARGETED_DEVICE_FAMILY = "1,2";
			};
			name = Debug;
		};
		186F66691FC5237300A81B63 /* Release */ = {
			isa = XCBuildConfiguration;
			buildSettings = {
				ASSETCATALOG_COMPILER_APPICON_NAME = AppIcon;
				CODE_SIGN_STYLE = Automatic;
				DEVELOPMENT_TEAM = XMRBC7TB73;
				INFOPLIST_FILE = iDevices/Info.plist;
				LD_RUNPATH_SEARCH_PATHS = "$(inherited) @executable_path/Frameworks";
				PRODUCT_BUNDLE_IDENTIFIER = com.iDevices.idevice;
				PRODUCT_NAME = "$(TARGET_NAME)";
				SWIFT_VERSION = 4.0;
				TARGETED_DEVICE_FAMILY = "1,2";
			};
			name = Release;
		};
/* End XCBuildConfiguration section */

/* Begin XCConfigurationList section */
		186F664D1FC5237200A81B63 /* Build configuration list for PBXProject "iDevices" */ = {
			isa = XCConfigurationList;
			buildConfigurations = (
				186F66651FC5237300A81B63 /* Debug */,
				186F66661FC5237300A81B63 /* Release */,
			);
			defaultConfigurationIsVisible = 0;
			defaultConfigurationName = Release;
		};
		186F66671FC5237300A81B63 /* Build configuration list for PBXNativeTarget "iDevices" */ = {
			isa = XCConfigurationList;
			buildConfigurations = (
				186F66681FC5237300A81B63 /* Debug */,
				186F66691FC5237300A81B63 /* Release */,
			);
			defaultConfigurationIsVisible = 0;
			defaultConfigurationName = Release;
		};
/* End XCConfigurationList section */

/* Begin XCVersionGroup section */
		186F665C1FC5237300A81B63 /* iDevices.xcdatamodeld */ = {
			isa = XCVersionGroup;
			children = (
				186F665D1FC5237300A81B63 /* iDevices.xcdatamodel */,
			);
			currentVersion = 186F665D1FC5237300A81B63 /* iDevices.xcdatamodel */;
			path = iDevices.xcdatamodeld;
			sourceTree = "<group>";
			versionGroupType = wrapper.xcdatamodel;
		};
/* End XCVersionGroup section */
	};
	rootObject = 186F664A1FC5237200A81B63 /* Project object */;
}
